// !$*UTF8*$!
{
	archiveVersion = 1;
	classes = {
	};
	objectVersion = 46;
	objects = {

/* Begin PBXBuildFile section */
		DD25D35B1E84A06C0035B9D2 /* AppDelegate.swift in Sources */ = {isa = PBXBuildFile; fileRef = DD25D35A1E84A06C0035B9D2 /* AppDelegate.swift */; };
		DD25D35D1E84A06C0035B9D2 /* ViewController.swift in Sources */ = {isa = PBXBuildFile; fileRef = DD25D35C1E84A06C0035B9D2 /* ViewController.swift */; };
		DD25D3601E84A06C0035B9D2 /* Main.storyboard in Resources */ = {isa = PBXBuildFile; fileRef = DD25D35E1E84A06C0035B9D2 /* Main.storyboard */; };
		DD25D3621E84A06C0035B9D2 /* Assets.xcassets in Resources */ = {isa = PBXBuildFile; fileRef = DD25D3611E84A06C0035B9D2 /* Assets.xcassets */; };
		DD25D3651E84A06C0035B9D2 /* LaunchScreen.storyboard in Resources */ = {isa = PBXBuildFile; fileRef = DD25D3631E84A06C0035B9D2 /* LaunchScreen.storyboard */; };
		DD25D3701E84A06C0035B9D2 /* Virtusa_Image_AlbumTests.swift in Sources */ = {isa = PBXBuildFile; fileRef = DD25D36F1E84A06C0035B9D2 /* Virtusa_Image_AlbumTests.swift */; };
		DD25D37B1E84A06C0035B9D2 /* Virtusa_Image_AlbumUITests.swift in Sources */ = {isa = PBXBuildFile; fileRef = DD25D37A1E84A06C0035B9D2 /* Virtusa_Image_AlbumUITests.swift */; };
/* End PBXBuildFile section */

/* Begin PBXContainerItemProxy section */
		DD25D36C1E84A06C0035B9D2 /* PBXContainerItemProxy */ = {
			isa = PBXContainerItemProxy;
			containerPortal = DD25D34F1E84A06C0035B9D2 /* Project object */;
			proxyType = 1;
			remoteGlobalIDString = DD25D3561E84A06C0035B9D2;
			remoteInfo = "Virtusa Image Album";
		};
		DD25D3771E84A06C0035B9D2 /* PBXContainerItemProxy */ = {
			isa = PBXContainerItemProxy;
			containerPortal = DD25D34F1E84A06C0035B9D2 /* Project object */;
			proxyType = 1;
			remoteGlobalIDString = DD25D3561E84A06C0035B9D2;
			remoteInfo = "Virtusa Image Album";
		};
/* End PBXContainerItemProxy section */

/* Begin PBXFileReference section */
		DD25D3571E84A06C0035B9D2 /* Virtusa Image Album.app */ = {isa = PBXFileReference; explicitFileType = wrapper.application; includeInIndex = 0; path = "Virtusa Image Album.app"; sourceTree = BUILT_PRODUCTS_DIR; };
		DD25D35A1E84A06C0035B9D2 /* AppDelegate.swift */ = {isa = PBXFileReference; lastKnownFileType = sourcecode.swift; path = AppDelegate.swift; sourceTree = "<group>"; };
		DD25D35C1E84A06C0035B9D2 /* ViewController.swift */ = {isa = PBXFileReference; lastKnownFileType = sourcecode.swift; path = ViewController.swift; sourceTree = "<group>"; };
		DD25D35F1E84A06C0035B9D2 /* Base */ = {isa = PBXFileReference; lastKnownFileType = file.storyboard; name = Base; path = Base.lproj/Main.storyboard; sourceTree = "<group>"; };
		DD25D3611E84A06C0035B9D2 /* Assets.xcassets */ = {isa = PBXFileReference; lastKnownFileType = folder.assetcatalog; path = Assets.xcassets; sourceTree = "<group>"; };
		DD25D3641E84A06C0035B9D2 /* Base */ = {isa = PBXFileReference; lastKnownFileType = file.storyboard; name = Base; path = Base.lproj/LaunchScreen.storyboard; sourceTree = "<group>"; };
		DD25D3661E84A06C0035B9D2 /* Info.plist */ = {isa = PBXFileReference; lastKnownFileType = text.plist.xml; path = Info.plist; sourceTree = "<group>"; };
		DD25D36B1E84A06C0035B9D2 /* Virtusa Image AlbumTests.xctest */ = {isa = PBXFileReference; explicitFileType = wrapper.cfbundle; includeInIndex = 0; path = "Virtusa Image AlbumTests.xctest"; sourceTree = BUILT_PRODUCTS_DIR; };
		DD25D36F1E84A06C0035B9D2 /* Virtusa_Image_AlbumTests.swift */ = {isa = PBXFileReference; lastKnownFileType = sourcecode.swift; path = Virtusa_Image_AlbumTests.swift; sourceTree = "<group>"; };
		DD25D3711E84A06C0035B9D2 /* Info.plist */ = {isa = PBXFileReference; lastKnownFileType = text.plist.xml; path = Info.plist; sourceTree = "<group>"; };
		DD25D3761E84A06C0035B9D2 /* Virtusa Image AlbumUITests.xctest */ = {isa = PBXFileReference; explicitFileType = wrapper.cfbundle; includeInIndex = 0; path = "Virtusa Image AlbumUITests.xctest"; sourceTree = BUILT_PRODUCTS_DIR; };
		DD25D37A1E84A06C0035B9D2 /* Virtusa_Image_AlbumUITests.swift */ = {isa = PBXFileReference; lastKnownFileType = sourcecode.swift; path = Virtusa_Image_AlbumUITests.swift; sourceTree = "<group>"; };
		DD25D37C1E84A06C0035B9D2 /* Info.plist */ = {isa = PBXFileReference; lastKnownFileType = text.plist.xml; path = Info.plist; sourceTree = "<group>"; };
/* End PBXFileReference section */

/* Begin PBXFrameworksBuildPhase section */
		DD25D3541E84A06C0035B9D2 /* Frameworks */ = {
			isa = PBXFrameworksBuildPhase;
			buildActionMask = 2147483647;
			files = (
			);
			runOnlyForDeploymentPostprocessing = 0;
		};
		DD25D3681E84A06C0035B9D2 /* Frameworks */ = {
			isa = PBXFrameworksBuildPhase;
			buildActionMask = 2147483647;
			files = (
			);
			runOnlyForDeploymentPostprocessing = 0;
		};
		DD25D3731E84A06C0035B9D2 /* Frameworks */ = {
			isa = PBXFrameworksBuildPhase;
			buildActionMask = 2147483647;
			files = (
			);
			runOnlyForDeploymentPostprocessing = 0;
		};
/* End PBXFrameworksBuildPhase section */

/* Begin PBXGroup section */
		DD25D34E1E84A06C0035B9D2 = {
			isa = PBXGroup;
			children = (
				DD25D3591E84A06C0035B9D2 /* Virtusa Image Album */,
				DD25D36E1E84A06C0035B9D2 /* Virtusa Image AlbumTests */,
				DD25D3791E84A06C0035B9D2 /* Virtusa Image AlbumUITests */,
				DD25D3581E84A06C0035B9D2 /* Products */,
			);
			sourceTree = "<group>";
		};
		DD25D3581E84A06C0035B9D2 /* Products */ = {
			isa = PBXGroup;
			children = (
				DD25D3571E84A06C0035B9D2 /* Virtusa Image Album.app */,
				DD25D36B1E84A06C0035B9D2 /* Virtusa Image AlbumTests.xctest */,
				DD25D3761E84A06C0035B9D2 /* Virtusa Image AlbumUITests.xctest */,
			);
			name = Products;
			sourceTree = "<group>";
		};
		DD25D3591E84A06C0035B9D2 /* Virtusa Image Album */ = {
			isa = PBXGroup;
			children = (
				DD25D35A1E84A06C0035B9D2 /* AppDelegate.swift */,
				DD25D35C1E84A06C0035B9D2 /* ViewController.swift */,
				DD25D35E1E84A06C0035B9D2 /* Main.storyboard */,
				DD25D3611E84A06C0035B9D2 /* Assets.xcassets */,
				DD25D3631E84A06C0035B9D2 /* LaunchScreen.storyboard */,
				DD25D3661E84A06C0035B9D2 /* Info.plist */,
			);
			path = "Virtusa Image Album";
			sourceTree = "<group>";
		};
		DD25D36E1E84A06C0035B9D2 /* Virtusa Image AlbumTests */ = {
			isa = PBXGroup;
			children = (
				DD25D36F1E84A06C0035B9D2 /* Virtusa_Image_AlbumTests.swift */,
				DD25D3711E84A06C0035B9D2 /* Info.plist */,
			);
			path = "Virtusa Image AlbumTests";
			sourceTree = "<group>";
		};
		DD25D3791E84A06C0035B9D2 /* Virtusa Image AlbumUITests */ = {
			isa = PBXGroup;
			children = (
				DD25D37A1E84A06C0035B9D2 /* Virtusa_Image_AlbumUITests.swift */,
				DD25D37C1E84A06C0035B9D2 /* Info.plist */,
			);
			path = "Virtusa Image AlbumUITests";
			sourceTree = "<group>";
		};
/* End PBXGroup section */

/* Begin PBXNativeTarget section */
		DD25D3561E84A06C0035B9D2 /* Virtusa Image Album */ = {
			isa = PBXNativeTarget;
			buildConfigurationList = DD25D37F1E84A06C0035B9D2 /* Build configuration list for PBXNativeTarget "Virtusa Image Album" */;
			buildPhases = (
				DD25D3531E84A06C0035B9D2 /* Sources */,
				DD25D3541E84A06C0035B9D2 /* Frameworks */,
				DD25D3551E84A06C0035B9D2 /* Resources */,
			);
			buildRules = (
			);
			dependencies = (
			);
			name = "Virtusa Image Album";
			productName = "Virtusa Image Album";
			productReference = DD25D3571E84A06C0035B9D2 /* Virtusa Image Album.app */;
			productType = "com.apple.product-type.application";
		};
		DD25D36A1E84A06C0035B9D2 /* Virtusa Image AlbumTests */ = {
			isa = PBXNativeTarget;
			buildConfigurationList = DD25D3821E84A06C0035B9D2 /* Build configuration list for PBXNativeTarget "Virtusa Image AlbumTests" */;
			buildPhases = (
				DD25D3671E84A06C0035B9D2 /* Sources */,
				DD25D3681E84A06C0035B9D2 /* Frameworks */,
				DD25D3691E84A06C0035B9D2 /* Resources */,
			);
			buildRules = (
			);
			dependencies = (
				DD25D36D1E84A06C0035B9D2 /* PBXTargetDependency */,
			);
			name = "Virtusa Image AlbumTests";
			productName = "Virtusa Image AlbumTests";
			productReference = DD25D36B1E84A06C0035B9D2 /* Virtusa Image AlbumTests.xctest */;
			productType = "com.apple.product-type.bundle.unit-test";
		};
		DD25D3751E84A06C0035B9D2 /* Virtusa Image AlbumUITests */ = {
			isa = PBXNativeTarget;
			buildConfigurationList = DD25D3851E84A06C0035B9D2 /* Build configuration list for PBXNativeTarget "Virtusa Image AlbumUITests" */;
			buildPhases = (
				DD25D3721E84A06C0035B9D2 /* Sources */,
				DD25D3731E84A06C0035B9D2 /* Frameworks */,
				DD25D3741E84A06C0035B9D2 /* Resources */,
			);
			buildRules = (
			);
			dependencies = (
				DD25D3781E84A06C0035B9D2 /* PBXTargetDependency */,
			);
			name = "Virtusa Image AlbumUITests";
			productName = "Virtusa Image AlbumUITests";
			productReference = DD25D3761E84A06C0035B9D2 /* Virtusa Image AlbumUITests.xctest */;
			productType = "com.apple.product-type.bundle.ui-testing";
		};
/* End PBXNativeTarget section */

/* Begin PBXProject section */
		DD25D34F1E84A06C0035B9D2 /* Project object */ = {
			isa = PBXProject;
			attributes = {
				LastSwiftUpdateCheck = 0820;
				LastUpgradeCheck = 0820;
				ORGANIZATIONNAME = "Srikanth Adavalli";
				TargetAttributes = {
					DD25D3561E84A06C0035B9D2 = {
						CreatedOnToolsVersion = 8.2.1;
						ProvisioningStyle = Automatic;
					};
					DD25D36A1E84A06C0035B9D2 = {
						CreatedOnToolsVersion = 8.2.1;
						ProvisioningStyle = Automatic;
						TestTargetID = DD25D3561E84A06C0035B9D2;
					};
					DD25D3751E84A06C0035B9D2 = {
						CreatedOnToolsVersion = 8.2.1;
						ProvisioningStyle = Automatic;
						TestTargetID = DD25D3561E84A06C0035B9D2;
					};
				};
			};
			buildConfigurationList = DD25D3521E84A06C0035B9D2 /* Build configuration list for PBXProject "Virtusa Image Album" */;
			compatibilityVersion = "Xcode 3.2";
			developmentRegion = English;
			hasScannedForEncodings = 0;
			knownRegions = (
				en,
				Base,
			);
			mainGroup = DD25D34E1E84A06C0035B9D2;
			productRefGroup = DD25D3581E84A06C0035B9D2 /* Products */;
			projectDirPath = "";
			projectRoot = "";
			targets = (
				DD25D3561E84A06C0035B9D2 /* Virtusa Image Album */,
				DD25D36A1E84A06C0035B9D2 /* Virtusa Image AlbumTests */,
				DD25D3751E84A06C0035B9D2 /* Virtusa Image AlbumUITests */,
			);
		};
/* End PBXProject section */

/* Begin PBXResourcesBuildPhase section */
		DD25D3551E84A06C0035B9D2 /* Resources */ = {
			isa = PBXResourcesBuildPhase;
			buildActionMask = 2147483647;
			files = (
				DD25D3651E84A06C0035B9D2 /* LaunchScreen.storyboard in Resources */,
				DD25D3621E84A06C0035B9D2 /* Assets.xcassets in Resources */,
				DD25D3601E84A06C0035B9D2 /* Main.storyboard in Resources */,
			);
			runOnlyForDeploymentPostprocessing = 0;
		};
		DD25D3691E84A06C0035B9D2 /* Resources */ = {
			isa = PBXResourcesBuildPhase;
			buildActionMask = 2147483647;
			files = (
			);
			runOnlyForDeploymentPostprocessing = 0;
		};
		DD25D3741E84A06C0035B9D2 /* Resources */ = {
			isa = PBXResourcesBuildPhase;
			buildActionMask = 2147483647;
			files = (
			);
			runOnlyForDeploymentPostprocessing = 0;
		};
/* End PBXResourcesBuildPhase section */

/* Begin PBXSourcesBuildPhase section */
		DD25D3531E84A06C0035B9D2 /* Sources */ = {
			isa = PBXSourcesBuildPhase;
			buildActionMask = 2147483647;
			files = (
				DD25D35D1E84A06C0035B9D2 /* ViewController.swift in Sources */,
				DD25D35B1E84A06C0035B9D2 /* AppDelegate.swift in Sources */,
			);
			runOnlyForDeploymentPostprocessing = 0;
		};
		DD25D3671E84A06C0035B9D2 /* Sources */ = {
			isa = PBXSourcesBuildPhase;
			buildActionMask = 2147483647;
			files = (
				DD25D3701E84A06C0035B9D2 /* Virtusa_Image_AlbumTests.swift in Sources */,
			);
			runOnlyForDeploymentPostprocessing = 0;
		};
		DD25D3721E84A06C0035B9D2 /* Sources */ = {
			isa = PBXSourcesBuildPhase;
			buildActionMask = 2147483647;
			files = (
				DD25D37B1E84A06C0035B9D2 /* Virtusa_Image_AlbumUITests.swift in Sources */,
			);
			runOnlyForDeploymentPostprocessing = 0;
		};
/* End PBXSourcesBuildPhase section */

/* Begin PBXTargetDependency section */
		DD25D36D1E84A06C0035B9D2 /* PBXTargetDependency */ = {
			isa = PBXTargetDependency;
			target = DD25D3561E84A06C0035B9D2 /* Virtusa Image Album */;
			targetProxy = DD25D36C1E84A06C0035B9D2 /* PBXContainerItemProxy */;
		};
		DD25D3781E84A06C0035B9D2 /* PBXTargetDependency */ = {
			isa = PBXTargetDependency;
			target = DD25D3561E84A06C0035B9D2 /* Virtusa Image Album */;
			targetProxy = DD25D3771E84A06C0035B9D2 /* PBXContainerItemProxy */;
		};
/* End PBXTargetDependency section */

/* Begin PBXVariantGroup section */
		DD25D35E1E84A06C0035B9D2 /* Main.storyboard */ = {
			isa = PBXVariantGroup;
			children = (
				DD25D35F1E84A06C0035B9D2 /* Base */,
			);
			name = Main.storyboard;
			sourceTree = "<group>";
		};
		DD25D3631E84A06C0035B9D2 /* LaunchScreen.storyboard */ = {
			isa = PBXVariantGroup;
			children = (
				DD25D3641E84A06C0035B9D2 /* Base */,
			);
			name = LaunchScreen.storyboard;
			sourceTree = "<group>";
		};
/* End PBXVariantGroup section */

/* Begin XCBuildConfiguration section */
		DD25D37D1E84A06C0035B9D2 /* Debug */ = {
			isa = XCBuildConfiguration;
			buildSettings = {
				ALWAYS_SEARCH_USER_PATHS = NO;
				CLANG_ANALYZER_NONNULL = YES;
				CLANG_CXX_LANGUAGE_STANDARD = "gnu++0x";
				CLANG_CXX_LIBRARY = "libc++";
				CLANG_ENABLE_MODULES = YES;
				CLANG_ENABLE_OBJC_ARC = YES;
				CLANG_WARN_BOOL_CONVERSION = YES;
				CLANG_WARN_CONSTANT_CONVERSION = YES;
				CLANG_WARN_DIRECT_OBJC_ISA_USAGE = YES_ERROR;
				CLANG_WARN_DOCUMENTATION_COMMENTS = YES;
				CLANG_WARN_EMPTY_BODY = YES;
				CLANG_WARN_ENUM_CONVERSION = YES;
				CLANG_WARN_INFINITE_RECURSION = YES;
				CLANG_WARN_INT_CONVERSION = YES;
				CLANG_WARN_OBJC_ROOT_CLASS = YES_ERROR;
				CLANG_WARN_SUSPICIOUS_MOVE = YES;
				CLANG_WARN_UNREACHABLE_CODE = YES;
				CLANG_WARN__DUPLICATE_METHOD_MATCH = YES;
				"CODE_SIGN_IDENTITY[sdk=iphoneos*]" = "iPhone Developer";
				COPY_PHASE_STRIP = NO;
				DEBUG_INFORMATION_FORMAT = dwarf;
				ENABLE_STRICT_OBJC_MSGSEND = YES;
				ENABLE_TESTABILITY = YES;
				GCC_C_LANGUAGE_STANDARD = gnu99;
				GCC_DYNAMIC_NO_PIC = NO;
				GCC_NO_COMMON_BLOCKS = YES;
				GCC_OPTIMIZATION_LEVEL = 0;
				GCC_PREPROCESSOR_DEFINITIONS = (
					"DEBUG=1",
					"$(inherited)",
				);
				GCC_WARN_64_TO_32_BIT_CONVERSION = YES;
				GCC_WARN_ABOUT_RETURN_TYPE = YES_ERROR;
				GCC_WARN_UNDECLARED_SELECTOR = YES;
				GCC_WARN_UNINITIALIZED_AUTOS = YES_AGGRESSIVE;
				GCC_WARN_UNUSED_FUNCTION = YES;
				GCC_WARN_UNUSED_VARIABLE = YES;
				IPHONEOS_DEPLOYMENT_TARGET = 10.2;
				MTL_ENABLE_DEBUG_INFO = YES;
				ONLY_ACTIVE_ARCH = YES;
				SDKROOT = iphoneos;
				SWIFT_ACTIVE_COMPILATION_CONDITIONS = DEBUG;
				SWIFT_OPTIMIZATION_LEVEL = "-Onone";
				TARGETED_DEVICE_FAMILY = "1,2";
			};
			name = Debug;
		};
		DD25D37E1E84A06C0035B9D2 /* Release */ = {
			isa = XCBuildConfiguration;
			buildSettings = {
				ALWAYS_SEARCH_USER_PATHS = NO;
				CLANG_ANALYZER_NONNULL = YES;
				CLANG_CXX_LANGUAGE_STANDARD = "gnu++0x";
				CLANG_CXX_LIBRARY = "libc++";
				CLANG_ENABLE_MODULES = YES;
				CLANG_ENABLE_OBJC_ARC = YES;
				CLANG_WARN_BOOL_CONVERSION = YES;
				CLANG_WARN_CONSTANT_CONVERSION = YES;
				CLANG_WARN_DIRECT_OBJC_ISA_USAGE = YES_ERROR;
				CLANG_WARN_DOCUMENTATION_COMMENTS = YES;
				CLANG_WARN_EMPTY_BODY = YES;
				CLANG_WARN_ENUM_CONVERSION = YES;
				CLANG_WARN_INFINITE_RECURSION = YES;
				CLANG_WARN_INT_CONVERSION = YES;
				CLANG_WARN_OBJC_ROOT_CLASS = YES_ERROR;
				CLANG_WARN_SUSPICIOUS_MOVE = YES;
				CLANG_WARN_UNREACHABLE_CODE = YES;
				CLANG_WARN__DUPLICATE_METHOD_MATCH = YES;
				"CODE_SIGN_IDENTITY[sdk=iphoneos*]" = "iPhone Developer";
				COPY_PHASE_STRIP = NO;
				DEBUG_INFORMATION_FORMAT = "dwarf-with-dsym";
				ENABLE_NS_ASSERTIONS = NO;
				ENABLE_STRICT_OBJC_MSGSEND = YES;
				GCC_C_LANGUAGE_STANDARD = gnu99;
				GCC_NO_COMMON_BLOCKS = YES;
				GCC_WARN_64_TO_32_BIT_CONVERSION = YES;
				GCC_WARN_ABOUT_RETURN_TYPE = YES_ERROR;
				GCC_WARN_UNDECLARED_SELECTOR = YES;
				GCC_WARN_UNINITIALIZED_AUTOS = YES_AGGRESSIVE;
				GCC_WARN_UNUSED_FUNCTION = YES;
				GCC_WARN_UNUSED_VARIABLE = YES;
				IPHONEOS_DEPLOYMENT_TARGET = 10.2;
				MTL_ENABLE_DEBUG_INFO = NO;
				SDKROOT = iphoneos;
				SWIFT_OPTIMIZATION_LEVEL = "-Owholemodule";
				TARGETED_DEVICE_FAMILY = "1,2";
				VALIDATE_PRODUCT = YES;
			};
			name = Release;
		};
		DD25D3801E84A06C0035B9D2 /* Debug */ = {
			isa = XCBuildConfiguration;
			buildSettings = {
				ASSETCATALOG_COMPILER_APPICON_NAME = AppIcon;
				INFOPLIST_FILE = "Virtusa Image Album/Info.plist";
				LD_RUNPATH_SEARCH_PATHS = "$(inherited) @executable_path/Frameworks";
				PRODUCT_BUNDLE_IDENTIFIER = "com.virtusa.Virtusa-Image-Album";
				PRODUCT_NAME = "$(TARGET_NAME)";
				SWIFT_VERSION = 3.0;
			};
			name = Debug;
		};
		DD25D3811E84A06C0035B9D2 /* Release */ = {
			isa = XCBuildConfiguration;
			buildSettings = {
				ASSETCATALOG_COMPILER_APPICON_NAME = AppIcon;
				INFOPLIST_FILE = "Virtusa Image Album/Info.plist";
				LD_RUNPATH_SEARCH_PATHS = "$(inherited) @executable_path/Frameworks";
				PRODUCT_BUNDLE_IDENTIFIER = "com.virtusa.Virtusa-Image-Album";
				PRODUCT_NAME = "$(TARGET_NAME)";
				SWIFT_VERSION = 3.0;
			};
			name = Release;
		};
		DD25D3831E84A06C0035B9D2 /* Debug */ = {
			isa = XCBuildConfiguration;
			buildSettings = {
				ALWAYS_EMBED_SWIFT_STANDARD_LIBRARIES = YES;
				BUNDLE_LOADER = "$(TEST_HOST)";
				INFOPLIST_FILE = "Virtusa Image AlbumTests/Info.plist";
				LD_RUNPATH_SEARCH_PATHS = "$(inherited) @executable_path/Frameworks @loader_path/Frameworks";
				PRODUCT_BUNDLE_IDENTIFIER = "com.virtusa.Virtusa-Image-AlbumTests";
				PRODUCT_NAME = "$(TARGET_NAME)";
				SWIFT_VERSION = 3.0;
				TEST_HOST = "$(BUILT_PRODUCTS_DIR)/Virtusa Image Album.app/Virtusa Image Album";
			};
			name = Debug;
		};
		DD25D3841E84A06C0035B9D2 /* Release */ = {
			isa = XCBuildConfiguration;
			buildSettings = {
				ALWAYS_EMBED_SWIFT_STANDARD_LIBRARIES = YES;
				BUNDLE_LOADER = "$(TEST_HOST)";
				INFOPLIST_FILE = "Virtusa Image AlbumTests/Info.plist";
				LD_RUNPATH_SEARCH_PATHS = "$(inherited) @executable_path/Frameworks @loader_path/Frameworks";
				PRODUCT_BUNDLE_IDENTIFIER = "com.virtusa.Virtusa-Image-AlbumTests";
				PRODUCT_NAME = "$(TARGET_NAME)";
				SWIFT_VERSION = 3.0;
				TEST_HOST = "$(BUILT_PRODUCTS_DIR)/Virtusa Image Album.app/Virtusa Image Album";
			};
			name = Release;
		};
		DD25D3861E84A06C0035B9D2 /* Debug */ = {
			isa = XCBuildConfiguration;
			buildSettings = {
				ALWAYS_EMBED_SWIFT_STANDARD_LIBRARIES = YES;
				INFOPLIST_FILE = "Virtusa Image AlbumUITests/Info.plist";
				LD_RUNPATH_SEARCH_PATHS = "$(inherited) @executable_path/Frameworks @loader_path/Frameworks";
				PRODUCT_BUNDLE_IDENTIFIER = "com.virtusa.Virtusa-Image-AlbumUITests";
				PRODUCT_NAME = "$(TARGET_NAME)";
				SWIFT_VERSION = 3.0;
				TEST_TARGET_NAME = "Virtusa Image Album";
			};
			name = Debug;
		};
		DD25D3871E84A06C0035B9D2 /* Release */ = {
			isa = XCBuildConfiguration;
			buildSettings = {
				ALWAYS_EMBED_SWIFT_STANDARD_LIBRARIES = YES;
				INFOPLIST_FILE = "Virtusa Image AlbumUITests/Info.plist";
				LD_RUNPATH_SEARCH_PATHS = "$(inherited) @executable_path/Frameworks @loader_path/Frameworks";
				PRODUCT_BUNDLE_IDENTIFIER = "com.virtusa.Virtusa-Image-AlbumUITests";
				PRODUCT_NAME = "$(TARGET_NAME)";
				SWIFT_VERSION = 3.0;
				TEST_TARGET_NAME = "Virtusa Image Album";
			};
			name = Release;
		};
/* End XCBuildConfiguration section */

/* Begin XCConfigurationList section */
		DD25D3521E84A06C0035B9D2 /* Build configuration list for PBXProject "Virtusa Image Album" */ = {
			isa = XCConfigurationList;
			buildConfigurations = (
				DD25D37D1E84A06C0035B9D2 /* Debug */,
				DD25D37E1E84A06C0035B9D2 /* Release */,
			);
			defaultConfigurationIsVisible = 0;
			defaultConfigurationName = Release;
		};
		DD25D37F1E84A06C0035B9D2 /* Build configuration list for PBXNativeTarget "Virtusa Image Album" */ = {
			isa = XCConfigurationList;
			buildConfigurations = (
				DD25D3801E84A06C0035B9D2 /* Debug */,
				DD25D3811E84A06C0035B9D2 /* Release */,
			);
			defaultConfigurationIsVisible = 0;
		};
		DD25D3821E84A06C0035B9D2 /* Build configuration list for PBXNativeTarget "Virtusa Image AlbumTests" */ = {
			isa = XCConfigurationList;
			buildConfigurations = (
				DD25D3831E84A06C0035B9D2 /* Debug */,
				DD25D3841E84A06C0035B9D2 /* Release */,
			);
			defaultConfigurationIsVisible = 0;
		};
		DD25D3851E84A06C0035B9D2 /* Build configuration list for PBXNativeTarget "Virtusa Image AlbumUITests" */ = {
			isa = XCConfigurationList;
			buildConfigurations = (
				DD25D3861E84A06C0035B9D2 /* Debug */,
				DD25D3871E84A06C0035B9D2 /* Release */,
			);
			defaultConfigurationIsVisible = 0;
		};
/* End XCConfigurationList section */
	};
	rootObject = DD25D34F1E84A06C0035B9D2 /* Project object */;
}
